
Microsoft Visual Studio Solution File, Format Version 12.00
# Visual Studio 15
VisualStudioVersion = 15.0.27703.2035
MinimumVisualStudioVersion = 10.0.40219.1
Project("{FAE04EC0-301F-11D3-BF4B-00C04F79EFBC}") = "FactoryMethod", "FactoryMethod\FactoryMethod.csproj", "{CC0FDF48-8276-4866-A3E0-8474ABF96EC0}"
EndProject
Project("{FAE04EC0-301F-11D3-BF4B-00C04F79EFBC}") = "Decorator", "Decorator\Decorator.csproj", "{42C0C962-043E-49B9-9933-D730E40CCD61}"
EndProject
Project("{FAE04EC0-301F-11D3-BF4B-00C04F79EFBC}") = "Iterator", "Iterator\Iterator.csproj", "{94418E72-292A-4497-AD13-9AB938108202}"
EndProject
Project("{FAE04EC0-301F-11D3-BF4B-00C04F79EFBC}") = "Observer", "Observer\Observer.csproj", "{A6E4F065-2FFA-4149-B470-8B35BE06B5C8}"
EndProject
Project("{FAE04EC0-301F-11D3-BF4B-00C04F79EFBC}") = "Repository", "Repository\Repository.csproj", "{E48977A2-60E1-4BA4-826C-66F117CABBAF}"
EndProject
Project("{FAE04EC0-301F-11D3-BF4B-00C04F79EFBC}") = "UnitOfWork", "UnitOfWork\UnitOfWork.csproj", "{64A28BC0-DB7E-4589-82DA-761EA19D55A2}"
EndProject
Project("{FAE04EC0-301F-11D3-BF4B-00C04F79EFBC}") = "Builder", "Builder\Builder.csproj", "{3798628B-AFF2-453C-B98B-38391B3004DC}"
EndProject
Project("{FAE04EC0-301F-11D3-BF4B-00C04F79EFBC}") = "Adapter", "Adapter\Adapter.csproj", "{BFBA0F66-BD07-473D-BC79-A72374367E95}"
EndProject
Project("{FAE04EC0-301F-11D3-BF4B-00C04F79EFBC}") = "Composite", "Composite\Composite.csproj", "{FE804FF3-6057-4820-AC75-8E108237E2C6}"
EndProject
Project("{FAE04EC0-301F-11D3-BF4B-00C04F79EFBC}") = "ChainOfResponsability", "ChainOfResponsability\ChainOfResponsability.csproj", "{80DBEBDA-FEE1-4149-AEEC-5C32ED8F6EC8}"
EndProject
Project("{FAE04EC0-301F-11D3-BF4B-00C04F79EFBC}") = "Command", "Command\Command.csproj", "{5447B120-5771-4C02-942E-B5930448ABD6}"
EndProject
Project("{FAE04EC0-301F-11D3-BF4B-00C04F79EFBC}") = "Interpreter", "Interpreter\Interpreter.csproj", "{88B60048-41A6-4E4A-B105-C3DF963774E2}"
EndProject
Project("{FAE04EC0-301F-11D3-BF4B-00C04F79EFBC}") = "Mediator", "Mediator\Mediator.csproj", "{DC46F835-41C9-4B68-A464-B2E3B3E30B00}"
EndProject
Project("{FAE04EC0-301F-11D3-BF4B-00C04F79EFBC}") = "Visitor", "Visitor\Visitor.csproj", "{FD52C658-D4E0-4ED1-8122-07BA1EE9C4D7}"
EndProject
Project("{FAE04EC0-301F-11D3-BF4B-00C04F79EFBC}") = "ProtoType", "ProtoType\ProtoType.csproj", "{3ABAE0F1-E094-4017-ACFA-A7AE3B2766BC}"
EndProject
Project("{FAE04EC0-301F-11D3-BF4B-00C04F79EFBC}") = "Bridge", "Bridge\Bridge.csproj", "{6BBEDF19-B9F8-466B-8E4A-5487A7317E02}"
EndProject
Project("{FAE04EC0-301F-11D3-BF4B-00C04F79EFBC}") = "Flyweight", "Flyweight\Flyweight.csproj", "{8DBB8DFB-6B08-44ED-B6E6-05C069D6D6C3}"
EndProject
Project("{FAE04EC0-301F-11D3-BF4B-00C04F79EFBC}") = "Proxy", "Proxy\Proxy.csproj", "{F234FD38-0979-4717-A328-8A2CD42ED520}"
EndProject
Project("{FAE04EC0-301F-11D3-BF4B-00C04F79EFBC}") = "Memento", "Memento\Memento.csproj", "{B5AB19D1-0D6B-40D3-A5D9-BD6291D5C579}"
EndProject
Project("{FAE04EC0-301F-11D3-BF4B-00C04F79EFBC}") = "State", "State\State.csproj", "{F9FF4301-B46A-4ED8-B8B8-E00A79F477E9}"
EndProject
Project("{FAE04EC0-301F-11D3-BF4B-00C04F79EFBC}") = "ConsoleApp1", "ConsoleApp1\ConsoleApp1.csproj", "{76939266-8B15-4409-AD1D-9A389F1F8134}"
EndProject
Project("{FAE04EC0-301F-11D3-BF4B-00C04F79EFBC}") = "Facade", "Facade\Facade.csproj", "{7DD0A427-A437-4A31-8FA7-ACF211204B6A}"
EndProject
Global
	GlobalSection(SolutionConfigurationPlatforms) = preSolution
		Debug|Any CPU = Debug|Any CPU
		Release|Any CPU = Release|Any CPU
	EndGlobalSection
	GlobalSection(ProjectConfigurationPlatforms) = postSolution
		{CC0FDF48-8276-4866-A3E0-8474ABF96EC0}.Debug|Any CPU.ActiveCfg = Debug|Any CPU
		{CC0FDF48-8276-4866-A3E0-8474ABF96EC0}.Debug|Any CPU.Build.0 = Debug|Any CPU
		{CC0FDF48-8276-4866-A3E0-8474ABF96EC0}.Release|Any CPU.ActiveCfg = Release|Any CPU
		{CC0FDF48-8276-4866-A3E0-8474ABF96EC0}.Release|Any CPU.Build.0 = Release|Any CPU
		{42C0C962-043E-49B9-9933-D730E40CCD61}.Debug|Any CPU.ActiveCfg = Debug|Any CPU
		{42C0C962-043E-49B9-9933-D730E40CCD61}.Debug|Any CPU.Build.0 = Debug|Any CPU
		{42C0C962-043E-49B9-9933-D730E40CCD61}.Release|Any CPU.ActiveCfg = Release|Any CPU
		{42C0C962-043E-49B9-9933-D730E40CCD61}.Release|Any CPU.Build.0 = Release|Any CPU
		{94418E72-292A-4497-AD13-9AB938108202}.Debug|Any CPU.ActiveCfg = Debug|Any CPU
		{94418E72-292A-4497-AD13-9AB938108202}.Debug|Any CPU.Build.0 = Debug|Any CPU
		{94418E72-292A-4497-AD13-9AB938108202}.Release|Any CPU.ActiveCfg = Release|Any CPU
		{94418E72-292A-4497-AD13-9AB938108202}.Release|Any CPU.Build.0 = Release|Any CPU
		{A6E4F065-2FFA-4149-B470-8B35BE06B5C8}.Debug|Any CPU.ActiveCfg = Debug|Any CPU
		{A6E4F065-2FFA-4149-B470-8B35BE06B5C8}.Debug|Any CPU.Build.0 = Debug|Any CPU
		{A6E4F065-2FFA-4149-B470-8B35BE06B5C8}.Release|Any CPU.ActiveCfg = Release|Any CPU
		{A6E4F065-2FFA-4149-B470-8B35BE06B5C8}.Release|Any CPU.Build.0 = Release|Any CPU
		{E48977A2-60E1-4BA4-826C-66F117CABBAF}.Debug|Any CPU.ActiveCfg = Debug|Any CPU
		{E48977A2-60E1-4BA4-826C-66F117CABBAF}.Debug|Any CPU.Build.0 = Debug|Any CPU
		{E48977A2-60E1-4BA4-826C-66F117CABBAF}.Release|Any CPU.ActiveCfg = Release|Any CPU
		{E48977A2-60E1-4BA4-826C-66F117CABBAF}.Release|Any CPU.Build.0 = Release|Any CPU
		{64A28BC0-DB7E-4589-82DA-761EA19D55A2}.Debug|Any CPU.ActiveCfg = Debug|Any CPU
		{64A28BC0-DB7E-4589-82DA-761EA19D55A2}.Debug|Any CPU.Build.0 = Debug|Any CPU
		{64A28BC0-DB7E-4589-82DA-761EA19D55A2}.Release|Any CPU.ActiveCfg = Release|Any CPU
		{64A28BC0-DB7E-4589-82DA-761EA19D55A2}.Release|Any CPU.Build.0 = Release|Any CPU
		{3798628B-AFF2-453C-B98B-38391B3004DC}.Debug|Any CPU.ActiveCfg = Debug|Any CPU
		{3798628B-AFF2-453C-B98B-38391B3004DC}.Debug|Any CPU.Build.0 = Debug|Any CPU
		{3798628B-AFF2-453C-B98B-38391B3004DC}.Release|Any CPU.ActiveCfg = Release|Any CPU
		{3798628B-AFF2-453C-B98B-38391B3004DC}.Release|Any CPU.Build.0 = Release|Any CPU
		{BFBA0F66-BD07-473D-BC79-A72374367E95}.Debug|Any CPU.ActiveCfg = Debug|Any CPU
		{BFBA0F66-BD07-473D-BC79-A72374367E95}.Debug|Any CPU.Build.0 = Debug|Any CPU
		{BFBA0F66-BD07-473D-BC79-A72374367E95}.Release|Any CPU.ActiveCfg = Release|Any CPU
		{BFBA0F66-BD07-473D-BC79-A72374367E95}.Release|Any CPU.Build.0 = Release|Any CPU
		{FE804FF3-6057-4820-AC75-8E108237E2C6}.Debug|Any CPU.ActiveCfg = Debug|Any CPU
		{FE804FF3-6057-4820-AC75-8E108237E2C6}.Debug|Any CPU.Build.0 = Debug|Any CPU
		{FE804FF3-6057-4820-AC75-8E108237E2C6}.Release|Any CPU.ActiveCfg = Release|Any CPU
		{FE804FF3-6057-4820-AC75-8E108237E2C6}.Release|Any CPU.Build.0 = Release|Any CPU
		{80DBEBDA-FEE1-4149-AEEC-5C32ED8F6EC8}.Debug|Any CPU.ActiveCfg = Debug|Any CPU
		{80DBEBDA-FEE1-4149-AEEC-5C32ED8F6EC8}.Debug|Any CPU.Build.0 = Debug|Any CPU
		{80DBEBDA-FEE1-4149-AEEC-5C32ED8F6EC8}.Release|Any CPU.ActiveCfg = Release|Any CPU
		{80DBEBDA-FEE1-4149-AEEC-5C32ED8F6EC8}.Release|Any CPU.Build.0 = Release|Any CPU
		{5447B120-5771-4C02-942E-B5930448ABD6}.Debug|Any CPU.ActiveCfg = Debug|Any CPU
		{5447B120-5771-4C02-942E-B5930448ABD6}.Debug|Any CPU.Build.0 = Debug|Any CPU
		{5447B120-5771-4C02-942E-B5930448ABD6}.Release|Any CPU.ActiveCfg = Release|Any CPU
		{5447B120-5771-4C02-942E-B5930448ABD6}.Release|Any CPU.Build.0 = Release|Any CPU
		{88B60048-41A6-4E4A-B105-C3DF963774E2}.Debug|Any CPU.ActiveCfg = Debug|Any CPU
		{88B60048-41A6-4E4A-B105-C3DF963774E2}.Debug|Any CPU.Build.0 = Debug|Any CPU
		{88B60048-41A6-4E4A-B105-C3DF963774E2}.Release|Any CPU.ActiveCfg = Release|Any CPU
		{88B60048-41A6-4E4A-B105-C3DF963774E2}.Release|Any CPU.Build.0 = Release|Any CPU
		{DC46F835-41C9-4B68-A464-B2E3B3E30B00}.Debug|Any CPU.ActiveCfg = Debug|Any CPU
		{DC46F835-41C9-4B68-A464-B2E3B3E30B00}.Debug|Any CPU.Build.0 = Debug|Any CPU
		{DC46F835-41C9-4B68-A464-B2E3B3E30B00}.Release|Any CPU.ActiveCfg = Release|Any CPU
		{DC46F835-41C9-4B68-A464-B2E3B3E30B00}.Release|Any CPU.Build.0 = Release|Any CPU
		{FD52C658-D4E0-4ED1-8122-07BA1EE9C4D7}.Debug|Any CPU.ActiveCfg = Debug|Any CPU
		{FD52C658-D4E0-4ED1-8122-07BA1EE9C4D7}.Debug|Any CPU.Build.0 = Debug|Any CPU
		{FD52C658-D4E0-4ED1-8122-07BA1EE9C4D7}.Release|Any CPU.ActiveCfg = Release|Any CPU
		{FD52C658-D4E0-4ED1-8122-07BA1EE9C4D7}.Release|Any CPU.Build.0 = Release|Any CPU
		{3ABAE0F1-E094-4017-ACFA-A7AE3B2766BC}.Debug|Any CPU.ActiveCfg = Debug|Any CPU
		{3ABAE0F1-E094-4017-ACFA-A7AE3B2766BC}.Debug|Any CPU.Build.0 = Debug|Any CPU
		{3ABAE0F1-E094-4017-ACFA-A7AE3B2766BC}.Release|Any CPU.ActiveCfg = Release|Any CPU
		{3ABAE0F1-E094-4017-ACFA-A7AE3B2766BC}.Release|Any CPU.Build.0 = Release|Any CPU
		{6BBEDF19-B9F8-466B-8E4A-5487A7317E02}.Debug|Any CPU.ActiveCfg = Debug|Any CPU
		{6BBEDF19-B9F8-466B-8E4A-5487A7317E02}.Debug|Any CPU.Build.0 = Debug|Any CPU
		{6BBEDF19-B9F8-466B-8E4A-5487A7317E02}.Release|Any CPU.ActiveCfg = Release|Any CPU
		{6BBEDF19-B9F8-466B-8E4A-5487A7317E02}.Release|Any CPU.Build.0 = Release|Any CPU
		{8DBB8DFB-6B08-44ED-B6E6-05C069D6D6C3}.Debug|Any CPU.ActiveCfg = Debug|Any CPU
		{8DBB8DFB-6B08-44ED-B6E6-05C069D6D6C3}.Debug|Any CPU.Build.0 = Debug|Any CPU
		{8DBB8DFB-6B08-44ED-B6E6-05C069D6D6C3}.Release|Any CPU.ActiveCfg = Release|Any CPU
		{8DBB8DFB-6B08-44ED-B6E6-05C069D6D6C3}.Release|Any CPU.Build.0 = Release|Any CPU
		{F234FD38-0979-4717-A328-8A2CD42ED520}.Debug|Any CPU.ActiveCfg = Debug|Any CPU
		{F234FD38-0979-4717-A328-8A2CD42ED520}.Debug|Any CPU.Build.0 = Debug|Any CPU
		{F234FD38-0979-4717-A328-8A2CD42ED520}.Release|Any CPU.ActiveCfg = Release|Any CPU
		{F234FD38-0979-4717-A328-8A2CD42ED520}.Release|Any CPU.Build.0 = Release|Any CPU
		{B5AB19D1-0D6B-40D3-A5D9-BD6291D5C579}.Debug|Any CPU.ActiveCfg = Debug|Any CPU
		{B5AB19D1-0D6B-40D3-A5D9-BD6291D5C579}.Debug|Any CPU.Build.0 = Debug|Any CPU
		{B5AB19D1-0D6B-40D3-A5D9-BD6291D5C579}.Release|Any CPU.ActiveCfg = Release|Any CPU
		{B5AB19D1-0D6B-40D3-A5D9-BD6291D5C579}.Release|Any CPU.Build.0 = Release|Any CPU
		{F9FF4301-B46A-4ED8-B8B8-E00A79F477E9}.Debug|Any CPU.ActiveCfg = Debug|Any CPU
		{F9FF4301-B46A-4ED8-B8B8-E00A79F477E9}.Debug|Any CPU.Build.0 = Debug|Any CPU
		{F9FF4301-B46A-4ED8-B8B8-E00A79F477E9}.Release|Any CPU.ActiveCfg = Release|Any CPU
		{F9FF4301-B46A-4ED8-B8B8-E00A79F477E9}.Release|Any CPU.Build.0 = Release|Any CPU
		{76939266-8B15-4409-AD1D-9A389F1F8134}.Debug|Any CPU.ActiveCfg = Debug|Any CPU
		{76939266-8B15-4409-AD1D-9A389F1F8134}.Debug|Any CPU.Build.0 = Debug|Any CPU
		{76939266-8B15-4409-AD1D-9A389F1F8134}.Release|Any CPU.ActiveCfg = Release|Any CPU
		{76939266-8B15-4409-AD1D-9A389F1F8134}.Release|Any CPU.Build.0 = Release|Any CPU
		{7DD0A427-A437-4A31-8FA7-ACF211204B6A}.Debug|Any CPU.ActiveCfg = Debug|Any CPU
		{7DD0A427-A437-4A31-8FA7-ACF211204B6A}.Debug|Any CPU.Build.0 = Debug|Any CPU
		{7DD0A427-A437-4A31-8FA7-ACF211204B6A}.Release|Any CPU.ActiveCfg = Release|Any CPU
		{7DD0A427-A437-4A31-8FA7-ACF211204B6A}.Release|Any CPU.Build.0 = Release|Any CPU
	EndGlobalSection
	GlobalSection(SolutionProperties) = preSolution
		HideSolutionNode = FALSE
	EndGlobalSection
	GlobalSection(ExtensibilityGlobals) = postSolution
		SolutionGuid = {348F4357-7327-4F96-A300-7F9768B1C414}
	EndGlobalSection
EndGlobal
